{
  "name": "10_ws_server_einfach",
  "version": "1.0.0",
  "lockfileVersion": 1,
  "requires": true,
  "dependencies": {
    "@types/node": {
      "version": "13.1.7",
      "resolved": "https://registry.npmjs.org/@types/node/-/node-13.1.7.tgz",
      "integrity": "sha512-HU0q9GXazqiKwviVxg9SI/+t/nAsGkvLDkIdxz+ObejG2nX6Si00TeLqHMoS+a/1tjH7a8YpKVQwtgHuMQsldg==",
      "dev": true
    },
    "@types/ws": {
      "version": "6.0.4",
      "resolved": "https://registry.npmjs.org/@types/ws/-/ws-6.0.4.tgz",
      "integrity": "sha512-PpPrX7SZW9re6+Ha8ojZG4Se8AZXgf0GK6zmfqEuCsY49LFDNXO3SByp44X3dFEqtB73lkCDAdUazhAjVPiNwg==",
      "dev": true,
      "requires": {
        "@types/node": "*"
      }
    },
    "typescript": {
      "version": "3.7.4",
      "resolved": "https://registry.npmjs.org/typescript/-/typescript-3.7.4.tgz",
      "integrity": "sha512-A25xv5XCtarLwXpcDNZzCGvW2D1S3/bACratYBx2sax8PefsFhlYmkQicKHvpYflFS8if4zne5zT5kpJ7pzuvw==",
      "dev": true
    },
    "ws": {
      "version": "7.2.1",
      "resolved": "https://registry.npmjs.org/ws/-/ws-7.2.1.tgz",
      "integrity": "sha512-sucePNSafamSKoOqoNfBd8V0StlkzJKL2ZAhGQinCfNQ+oacw+Pk7lcdAElecBF2VkLNZRiIb5Oi1Q5lVUVt2A=="
    }
  }
}
